{
  "name": "sidestr-paywall-example",
  "lockfileVersion": 3,
  "requires": true,
  "packages": {
    "": {
      "name": "sidestr-paywall-example",
      "license": "AGPL-3.0-or-later",
      "dependencies": {
        "sidestr": "0.0.5"
      }
    },
    "node_modules/@bitcoin-desktop/schema": {
      "version": "0.0.27",
      "resolved": "git+ssh://git@github.com/bitcoin-desktop/schema.git#b8cbf6337c7450fe14ddc5bce00c7280059aab5d",
      "license": "AGPL-3.0-or-later"
    },
    "node_modules/@ethereumjs/binarytree": {
      "version": "10.1.3",
      "resolved": "https://registry.npmjs.org/@ethereumjs/binarytree/-/binarytree-10.1.3.tgz",
      "integrity": "sha512-XWHuNNVZVtSfr6/2UbAhCXf848s4rNKUuVKFNG6O18lz0anuaMiIADfNQJ5DOhOfflZVIPRvGWegDMoU6xRaBA==",
      "license": "MIT",
      "dependencies": {
        "@ethereumjs/rlp": "^10.1.3",
        "@ethereumjs/util": "^10.1.3",
        "@noble/hashes": "^2.0.1",
        "debug": "^4.4.0",
        "lru-cache": "11.0.2"
      },
      "engines": {
        "node": ">=20"
      }
    },
    "node_modules/@ethereumjs/block": {
      "version": "10.1.3",
      "resolved": "https://registry.npmjs.org/@ethereumjs/block/-/block-10.1.3.tgz",
      "integrity": "sha512-6c0U1T1VMv44l7WXL6RWDiP26o/Cv53Z+9C07+5WJHNrYM7S2S/DsOCVog95Hhh0E9KCRjoCu3bzSsxQynu8Og==",
      "license": "MPL-2.0",
      "dependencies": {
        "@ethereumjs/common": "^10.1.3",
        "@ethereumjs/mpt": "^10.1.3",
        "@ethereumjs/rlp": "^10.1.3",
        "@ethereumjs/tx": "^10.1.3",
        "@ethereumjs/util": "^10.1.3",
        "@noble/curves": "^2.0.1",
        "@noble/hashes": "^2.0.1"
      },
      "engines": {
        "node": ">=20"
      }
    },
    "node_modules/@ethereumjs/common": {
      "version": "10.1.3",
      "resolved": "https://registry.npmjs.org/@ethereumjs/common/-/common-10.1.3.tgz",
      "integrity": "sha512-ECWwbc4s8Ji7U0mkfZP6gIDy1FxXe0ZyVOTt0adkztPQRzX2DbH2ul7a83DSS8qYAiG6//vVXMkP60TyYOnv8Q==",
      "license": "MIT",
      "dependencies": {
        "@ethereumjs/util": "^10.1.3",
        "eventemitter3": "^5.0.1"
      }
    },
    "node_modules/@ethereumjs/evm": {
      "version": "10.1.3",
      "resolved": "https://registry.npmjs.org/@ethereumjs/evm/-/evm-10.1.3.tgz",
      "integrity": "sha512-7C6oo3f1rvtsFAQOURcmEkyUTBTePBbQUgWTfzrual8kbb0R8053rY+PolvFDETfVSK/TrPzZFhFe5sgz+Clgw==",
      "license": "MPL-2.0",
      "dependencies": {
        "@ethereumjs/common": "^10.1.3",
        "@ethereumjs/statemanager": "^10.1.3",
        "@ethereumjs/util": "^10.1.3",
        "@noble/curves": "^2.0.1",
        "@noble/hashes": "^2.0.1",
        "debug": "^4.4.0",
        "eventemitter3": "^5.0.1"
      },
      "engines": {
        "node": ">=20"
      }
    },
    "node_modules/@ethereumjs/mpt": {
      "version": "10.1.3",
      "resolved": "https://registry.npmjs.org/@ethereumjs/mpt/-/mpt-10.1.3.tgz",
      "integrity": "sha512-pN43KoH8V0afpIltMFJf0tSSpX9Xssp9LGAyamnYc93oe0r8bRafeizPWR9aDsS+WXSg/IWQscoZ3xTybQSYoA==",
      "license": "MPL-2.0",
      "dependencies": {
        "@ethereumjs/rlp": "^10.1.3",
        "@ethereumjs/util": "^10.1.3",
        "@noble/hashes": "^2.0.1",
        "debug": "^4.4.0",
        "lru-cache": "11.0.2"
      },
      "engines": {
        "node": ">=20"
      }
    },
    "node_modules/@ethereumjs/rlp": {
      "version": "10.1.3",
      "resolved": "https://registry.npmjs.org/@ethereumjs/rlp/-/rlp-10.1.3.tgz",
      "integrity": "sha512-d795YWkN6O8EJh/PgJ2zZKCdBMl8OlqkuVQESoidH666gaFtUuJ01jDtiuqfyOqTNcTdGhHi8LkQv1WEZzvZZw==",
      "license": "MPL-2.0",
      "bin": {
        "rlp": "bin/rlp.cjs"
      },
      "engines": {
        "node": ">=20"
      }
    },
    "node_modules/@ethereumjs/statemanager": {
      "version": "10.1.3",
      "resolved": "https://registry.npmjs.org/@ethereumjs/statemanager/-/statemanager-10.1.3.tgz",
      "integrity": "sha512-d56NBae8xjh/ZY+orqvIfE30WLHOn2okacUekbM9J7VZrokjxQ2800sb6K6srffoSekcgbHxIWFJ3r+81jzrrA==",
      "license": "MPL-2.0",
      "dependencies": {
        "@ethereumjs/binarytree": "^10.1.3",
        "@ethereumjs/common": "^10.1.3",
        "@ethereumjs/mpt": "^10.1.3",
        "@ethereumjs/rlp": "^10.1.3",
        "@ethereumjs/util": "^10.1.3",
        "@js-sdsl/ordered-map": "^4.4.2",
        "@noble/hashes": "^2.0.1",
        "debug": "^4.4.0",
        "lru-cache": "11.0.2"
      }
    },
    "node_modules/@ethereumjs/tx": {
      "version": "10.1.3",
      "resolved": "https://registry.npmjs.org/@ethereumjs/tx/-/tx-10.1.3.tgz",
      "integrity": "sha512-5uk9qB2MjyF4axL6GGPvYODe3uR/h6k36boDbvjH81WYFphw/JAIrI1thkWQX4BCyF8bi6suxORhi+vDc3lPlg==",
      "license": "MPL-2.0",
      "dependencies": {
        "@ethereumjs/common": "^10.1.3",
        "@ethereumjs/rlp": "^10.1.3",
        "@ethereumjs/util": "^10.1.3",
        "@noble/curves": "^2.0.1",
        "@noble/hashes": "^2.0.1"
      },
      "engines": {
        "node": ">=20"
      }
    },
    "node_modules/@ethereumjs/util": {
      "version": "10.1.3",
      "resolved": "https://registry.npmjs.org/@ethereumjs/util/-/util-10.1.3.tgz",
      "integrity": "sha512-PhezOVe4DFaC+QLIsnK/tiOaXjpjS2F9AH4Ez0EfWevFw9NWNSg95l7I0dWuHF0B7v9odm2Ijqwo0EnARXtUmA==",
      "license": "MPL-2.0",
      "dependencies": {
        "@ethereumjs/rlp": "^10.1.3",
        "@noble/curves": "^2.0.1",
        "@noble/hashes": "^2.0.1"
      },
      "engines": {
        "node": ">=20"
      }
    },
    "node_modules/@ethereumjs/vm": {
      "version": "10.1.3",
      "resolved": "https://registry.npmjs.org/@ethereumjs/vm/-/vm-10.1.3.tgz",
      "integrity": "sha512-tnhWnQOgA6AkgWTjDg2dcF11tlTV9eOq/VJdyzo06DwN7PzKHDEacI3tge+40Izqt9KqX16Nc37Agd8dqhDYMw==",
      "license": "MPL-2.0",
      "dependencies": {
        "@ethereumjs/block": "^10.1.3",
        "@ethereumjs/common": "^10.1.3",
        "@ethereumjs/evm": "^10.1.3",
        "@ethereumjs/mpt": "^10.1.3",
        "@ethereumjs/rlp": "^10.1.3",
        "@ethereumjs/statemanager": "^10.1.3",
        "@ethereumjs/tx": "^10.1.3",
        "@ethereumjs/util": "^10.1.3",
        "@noble/hashes": "^2.0.1",
        "debug": "^4.4.0",
        "eventemitter3": "^5.0.1"
      },
      "engines": {
        "node": ">=20"
      }
    },
    "node_modules/@js-sdsl/ordered-map": {
      "version": "4.4.2",
      "resolved": "https://registry.npmjs.org/@js-sdsl/ordered-map/-/ordered-map-4.4.2.tgz",
      "integrity": "sha512-iUKgm52T8HOE/makSxjqoWhe95ZJA1/G1sYsGev2JDKUSS14KAgg1LHb+Ba+IPow0xflbnSkOsZcO08C7w1gYw==",
      "license": "MIT",
      "funding": {
        "type": "opencollective",
        "url": "https://opencollective.com/js-sdsl"
      }
    },
    "node_modules/@noble/curves": {
      "version": "2.4.0",
      "resolved": "https://registry.npmjs.org/@noble/curves/-/curves-2.4.0.tgz",
      "integrity": "sha512-P4/62zrgfH33CneE3Dn4WhJVA22YUU0eR51wKIan4NVRvwsA0YnPTwWGpNbpuacSujmSFLvyzpyuR30+fbq2Ew==",
      "license": "MIT",
      "dependencies": {
        "@noble/hashes": "2.4.0"
      },
      "engines": {
        "node": ">= 20.19.0"
      },
      "funding": {
        "url": "https://paulmillr.com/funding/"
      }
    },
    "node_modules/@noble/hashes": {
      "version": "2.4.0",
      "resolved": "https://registry.npmjs.org/@noble/hashes/-/hashes-2.4.0.tgz",
      "integrity": "sha512-X5XaVWZIBCT7HHZGm5I7ZQXDwLG+bGXuSrMQAW+7Zvl87h1kmc1ZB1VSRJcpUfoUrGQp4Fkoxm5kZ+Ms+aW+eA==",
      "license": "MIT",
      "engines": {
        "node": ">= 20.19.0"
      },
      "funding": {
        "url": "https://paulmillr.com/funding/"
      }
    },
    "node_modules/@sidestr/explorer": {
      "version": "0.0.1",
      "resolved": "https://registry.npmjs.org/@sidestr/explorer/-/explorer-0.0.1.tgz",
      "integrity": "sha512-LziNNbYtmnfVL3dxp2ODmMKjfrs+aOUra8KFYXxeBOhFBI5ZtpJcrCCy/EQSRZV2A+4D2xde8Bhvn1f0j9j7tA==",
      "license": "AGPL-3.0-or-later"
    },
    "node_modules/@sidestr/spec": {
      "version": "0.0.4",
      "resolved": "https://registry.npmjs.org/@sidestr/spec/-/spec-0.0.4.tgz",
      "integrity": "sha512-sm2o1rDXT0k233YFjkwHqBJUVMT5LvLnZAtMASNnpUnTlQKloQqfDvufPiXyTkelsYrj4EimOeg+K7cBQGXnUg==",
      "license": "AGPL-3.0-or-later",
      "dependencies": {
        "@ethereumjs/block": "10.1.3",
        "@ethereumjs/common": "10.1.3",
        "@ethereumjs/tx": "10.1.3",
        "@ethereumjs/util": "10.1.3",
        "@ethereumjs/vm": "10.1.3"
      }
    },
    "node_modules/@sidestr/wallet": {
      "version": "0.0.2",
      "resolved": "https://registry.npmjs.org/@sidestr/wallet/-/wallet-0.0.2.tgz",
      "integrity": "sha512-zmZpXx11JKhLHrSpkdTsoz72KMXWDkoxAGbDywBqBFfDwaFYgWyxIMMOj09YtIf++jzSdpsQTy4rmMRdTi7Hlg==",
      "license": "AGPL-3.0-or-later"
    },
    "node_modules/debug": {
      "version": "4.4.3",
      "resolved": "https://registry.npmjs.org/debug/-/debug-4.4.3.tgz",
      "integrity": "sha512-RGwwWnwQvkVfavKVt22FGLw+xYSdzARwm0ru6DhTVA3umU5hZc28V3kO4stgYryrTlLpuvgI9GiijltAjNbcqA==",
      "license": "MIT",
      "dependencies": {
        "ms": "^2.1.3"
      },
      "engines": {
        "node": ">=6.0"
      },
      "peerDependenciesMeta": {
        "supports-color": {
          "optional": true
        }
      }
    },
    "node_modules/eventemitter3": {
      "version": "5.0.4",
      "resolved": "https://registry.npmjs.org/eventemitter3/-/eventemitter3-5.0.4.tgz",
      "integrity": "sha512-mlsTRyGaPBjPedk6Bvw+aqbsXDtoAyAzm5MO7JgU+yVRyMQ5O8bD4Kcci7BS85f93veegeCPkL8R4GLClnjLFw==",
      "license": "MIT"
    },
    "node_modules/lru-cache": {
      "version": "11.0.2",
      "resolved": "https://registry.npmjs.org/lru-cache/-/lru-cache-11.0.2.tgz",
      "integrity": "sha512-123qHRfJBmo2jXDbo/a5YOQrJoHF/GNQTLzQ5+IdK5pWpceK17yRc6ozlWd25FxvGKQbIUs91fDFkXmDHTKcyA==",
      "license": "ISC",
      "engines": {
        "node": "20 || >=22"
      }
    },
    "node_modules/ms": {
      "version": "2.1.3",
      "resolved": "https://registry.npmjs.org/ms/-/ms-2.1.3.tgz",
      "integrity": "sha512-6FlzubTLZG3J2a/NVCAleEhjzq5oxgHyaCU9yYXvcLsvoVaHJq/s5xXI6/XXP6tz7R9xAOtHnSO/tXtF3WRTlA==",
      "license": "MIT"
    },
    "node_modules/sidestr": {
      "version": "0.0.5",
      "resolved": "https://registry.npmjs.org/sidestr/-/sidestr-0.0.5.tgz",
      "integrity": "sha512-uzoIcOEg7TVCyvQO3oDt+U9GZVc10Gof19n4SAJwUFEKpJvriJX91dXCO3NNdDP8Uj2nrH+X2CJeoJ7yIC5tIQ==",
      "license": "AGPL-3.0-or-later",
      "dependencies": {
        "@bitcoin-desktop/schema": "github:bitcoin-desktop/schema#v0.0.27",
        "@sidestr/explorer": "0.0.1",
        "@sidestr/spec": "0.0.4",
        "@sidestr/wallet": "0.0.2"
      },
      "bin": {
        "sidestr": "bin/sidestr.mjs"
      },
      "optionalDependencies": {
        "@ethereumjs/block": "10.1.3",
        "@ethereumjs/common": "10.1.3",
        "@ethereumjs/tx": "10.1.3",
        "@ethereumjs/util": "10.1.3",
        "@ethereumjs/vm": "10.1.3"
      }
    }
  }
}
